
Microsoft Visual Studio Solution File, Format Version 12.00
# Visual Studio Version 16
VisualStudioVersion = 16.0.31205.134
MinimumVisualStudioVersion = 10.0.40219.1
Project("{FAE04EC0-301F-11D3-BF4B-00C04F79EFBC}") = "UploadAndDownload_AzureBlobStorage", "UploadAndDownload_AzureBlobStorage\UploadAndDownload_AzureBlobStorage.csproj", "{72EDD5FB-1C6E-43D4-86E8-D893ADA8721B}"
EndProject
Global
	GlobalSection(SolutionConfigurationPlatforms) = preSolution
		Debug|Any CPU = Debug|Any CPU
		Release|Any CPU = Release|Any CPU
	EndGlobalSection
	GlobalSection(ProjectConfigurationPlatforms) = postSolution
		{72EDD5FB-1C6E-43D4-86E8-D893ADA8721B}.Debug|Any CPU.ActiveCfg = Debug|Any CPU
		{72EDD5FB-1C6E-43D4-86E8-D893ADA8721B}.Debug|Any CPU.Build.0 = Debug|Any CPU
		{72EDD5FB-1C6E-43D4-86E8-D893ADA8721B}.Release|Any CPU.ActiveCfg = Release|Any CPU
		{72EDD5FB-1C6E-43D4-86E8-D893ADA8721B}.Release|Any CPU.Build.0 = Release|Any CPU
	EndGlobalSection
	GlobalSection(SolutionProperties) = preSolution
		HideSolutionNode = FALSE
	EndGlobalSection
	GlobalSection(ExtensibilityGlobals) = postSolution
		SolutionGuid = {A0242FAB-9C1D-4A99-807A-0E5A9D9507F4}
	EndGlobalSection
EndGlobal
